// !$*UTF8*$!
{
	archiveVersion = 1;
	classes = {
	};
	objectVersion = 55;
	objects = {

/* Begin PBXBuildFile section */
		65D7723E28ABA0CC00238704 /* PodspecFramework.docc in Sources */ = {isa = PBXBuildFile; fileRef = 65D7723D28ABA0CC00238704 /* PodspecFramework.docc */; };
		65D7724428ABA0CC00238704 /* PodspecFramework.framework in Frameworks */ = {isa = PBXBuildFile; fileRef = 65D7723928ABA0CC00238704 /* PodspecFramework.framework */; };
		65D7724928ABA0CC00238704 /* PodspecFrameworkTests.m in Sources */ = {isa = PBXBuildFile; fileRef = 65D7724828ABA0CC00238704 /* PodspecFrameworkTests.m */; };
		65D7724A28ABA0CC00238704 /* PodspecFramework.h in Headers */ = {isa = PBXBuildFile; fileRef = 65D7723C28ABA0CC00238704 /* PodspecFramework.h */; settings = {ATTRIBUTES = (Public, ); }; };
/* End PBXBuildFile section */

/* Begin PBXContainerItemProxy section */
		65D7724528ABA0CC00238704 /* PBXContainerItemProxy */ = {
			isa = PBXContainerItemProxy;
			containerPortal = 65D7723028ABA0CB00238704 /* Project object */;
			proxyType = 1;
			remoteGlobalIDString = 65D7723828ABA0CC00238704;
			remoteInfo = PodspecFramework;
		};
/* End PBXContainerItemProxy section */

/* Begin PBXFileReference section */
		65D7723928ABA0CC00238704 /* PodspecFramework.framework */ = {isa = PBXFileReference; explicitFileType = wrapper.framework; includeInIndex = 0; path = PodspecFramework.framework; sourceTree = BUILT_PRODUCTS_DIR; };
		65D7723C28ABA0CC00238704 /* PodspecFramework.h */ = {isa = PBXFileReference; lastKnownFileType = sourcecode.c.h; path = PodspecFramework.h; sourceTree = "<group>"; };
		65D7723D28ABA0CC00238704 /* PodspecFramework.docc */ = {isa = PBXFileReference; lastKnownFileType = folder.documentationcatalog; path = PodspecFramework.docc; sourceTree = "<group>"; };
		65D7724328ABA0CC00238704 /* PodspecFrameworkTests.xctest */ = {isa = PBXFileReference; explicitFileType = wrapper.cfbundle; includeInIndex = 0; path = PodspecFrameworkTests.xctest; sourceTree = BUILT_PRODUCTS_DIR; };
		65D7724828ABA0CC00238704 /* PodspecFrameworkTests.m */ = {isa = PBXFileReference; lastKnownFileType = sourcecode.c.objc; path = PodspecFrameworkTests.m; sourceTree = "<group>"; };
/* End PBXFileReference section */

/* Begin PBXFrameworksBuildPhase section */
		65D7723628ABA0CC00238704 /* Frameworks */ = {
			isa = PBXFrameworksBuildPhase;
			buildActionMask = 2147483647;
			files = (
			);
			runOnlyForDeploymentPostprocessing = 0;
		};
		65D7724028ABA0CC00238704 /* Frameworks */ = {
			isa = PBXFrameworksBuildPhase;
			buildActionMask = 2147483647;
			files = (
				65D7724428ABA0CC00238704 /* PodspecFramework.framework in Frameworks */,
			);
			runOnlyForDeploymentPostprocessing = 0;
		};
/* End PBXFrameworksBuildPhase section */

/* Begin PBXGroup section */
		65D7722F28ABA0CB00238704 = {
			isa = PBXGroup;
			children = (
				65D7723B28ABA0CC00238704 /* PodspecFramework */,
				65D7724728ABA0CC00238704 /* PodspecFrameworkTests */,
				65D7723A28ABA0CC00238704 /* Products */,
			);
			sourceTree = "<group>";
		};
		65D7723A28ABA0CC00238704 /* Products */ = {
			isa = PBXGroup;
			children = (
				65D7723928ABA0CC00238704 /* PodspecFramework.framework */,
				65D7724328ABA0CC00238704 /* PodspecFrameworkTests.xctest */,
			);
			name = Products;
			sourceTree = "<group>";
		};
		65D7723B28ABA0CC00238704 /* PodspecFramework */ = {
			isa = PBXGroup;
			children = (
				65D7723D28ABA0CC00238704 /* PodspecFramework.docc */,
				65D7723C28ABA0CC00238704 /* PodspecFramework.h */,
			);
			path = PodspecFramework;
			sourceTree = "<group>";
		};
		65D7724728ABA0CC00238704 /* PodspecFrameworkTests */ = {
			isa = PBXGroup;
			children = (
				65D7724828ABA0CC00238704 /* PodspecFrameworkTests.m */,
			);
			path = PodspecFrameworkTests;
			sourceTree = "<group>";
		};
/* End PBXGroup section */

/* Begin PBXHeadersBuildPhase section */
		65D7723428ABA0CC00238704 /* Headers */ = {
			isa = PBXHeadersBuildPhase;
			buildActionMask = 2147483647;
			files = (
				65D7724A28ABA0CC00238704 /* PodspecFramework.h in Headers */,
			);
			runOnlyForDeploymentPostprocessing = 0;
		};
/* End PBXHeadersBuildPhase section */

/* Begin PBXNativeTarget section */
		65D7723828ABA0CC00238704 /* PodspecFramework */ = {
			isa = PBXNativeTarget;
			buildConfigurationList = 65D7724D28ABA0CC00238704 /* Build configuration list for PBXNativeTarget "PodspecFramework" */;
			buildPhases = (
				65D7723428ABA0CC00238704 /* Headers */,
				65D7723528ABA0CC00238704 /* Sources */,
				65D7723628ABA0CC00238704 /* Frameworks */,
				65D7723728ABA0CC00238704 /* Resources */,
			);
			buildRules = (
			);
			dependencies = (
			);
			name = PodspecFramework;
			productName = PodspecFramework;
			productReference = 65D7723928ABA0CC00238704 /* PodspecFramework.framework */;
			productType = "com.apple.product-type.framework";
		};
		65D7724228ABA0CC00238704 /* PodspecFrameworkTests */ = {
			isa = PBXNativeTarget;
			buildConfigurationList = 65D7725028ABA0CC00238704 /* Build configuration list for PBXNativeTarget "PodspecFrameworkTests" */;
			buildPhases = (
				65D7723F28ABA0CC00238704 /* Sources */,
				65D7724028ABA0CC00238704 /* Frameworks */,
				65D7724128ABA0CC00238704 /* Resources */,
			);
			buildRules = (
			);
			dependencies = (
				65D7724628ABA0CC00238704 /* PBXTargetDependency */,
			);
			name = PodspecFrameworkTests;
			productName = PodspecFrameworkTests;
			productReference = 65D7724328ABA0CC00238704 /* PodspecFrameworkTests.xctest */;
			productType = "com.apple.product-type.bundle.unit-test";
		};
/* End PBXNativeTarget section */

/* Begin PBXProject section */
		65D7723028ABA0CB00238704 /* Project object */ = {
			isa = PBXProject;
			attributes = {
				BuildIndependentTargetsInParallel = 1;
				LastUpgradeCheck = 1330;
				TargetAttributes = {
					65D7723828ABA0CC00238704 = {
						CreatedOnToolsVersion = 13.3;
					};
					65D7724228ABA0CC00238704 = {
						CreatedOnToolsVersion = 13.3;
					};
				};
			};
			buildConfigurationList = 65D7723328ABA0CB00238704 /* Build configuration list for PBXProject "PodspecFramework" */;
			compatibilityVersion = "Xcode 13.0";
			developmentRegion = en;
			hasScannedForEncodings = 0;
			knownRegions = (
				en,
				Base,
			);
			mainGroup = 65D7722F28ABA0CB00238704;
			productRefGroup = 65D7723A28ABA0CC00238704 /* Products */;
			projectDirPath = "";
			projectRoot = "";
			targets = (
				65D7723828ABA0CC00238704 /* PodspecFramework */,
				65D7724228ABA0CC00238704 /* PodspecFrameworkTests */,
			);
		};
/* End PBXProject section */

/* Begin PBXResourcesBuildPhase section */
		65D7723728ABA0CC00238704 /* Resources */ = {
			isa = PBXResourcesBuildPhase;
			buildActionMask = 2147483647;
			files = (
			);
			runOnlyForDeploymentPostprocessing = 0;
		};
		65D7724128ABA0CC00238704 /* Resources */ = {
			isa = PBXResourcesBuildPhase;
			buildActionMask = 2147483647;
			files = (
			);
			runOnlyForDeploymentPostprocessing = 0;
		};
/* End PBXResourcesBuildPhase section */

/* Begin PBXSourcesBuildPhase section */
		65D7723528ABA0CC00238704 /* Sources */ = {
			isa = PBXSourcesBuildPhase;
			buildActionMask = 2147483647;
			files = (
				65D7723E28ABA0CC00238704 /* PodspecFramework.docc in Sources */,
			);
			runOnlyForDeploymentPostprocessing = 0;
		};
		65D7723F28ABA0CC00238704 /* Sources */ = {
			isa = PBXSourcesBuildPhase;
			buildActionMask = 2147483647;
			files = (
				65D7724928ABA0CC00238704 /* PodspecFrameworkTests.m in Sources */,
			);
			runOnlyForDeploymentPostprocessing = 0;
		};
/* End PBXSourcesBuildPhase section */

/* Begin PBXTargetDependency section */
		65D7724628ABA0CC00238704 /* PBXTargetDependency */ = {
			isa = PBXTargetDependency;
			target = 65D7723828ABA0CC00238704 /* PodspecFramework */;
			targetProxy = 65D7724528ABA0CC00238704 /* PBXContainerItemProxy */;
		};
/* End PBXTargetDependency section */

/* Begin XCBuildConfiguration section */
		65D7724B28ABA0CC00238704 /* Debug */ = {
			isa = XCBuildConfiguration;
			buildSettings = {
				ALWAYS_SEARCH_USER_PATHS = NO;
				CLANG_ANALYZER_NONNULL = YES;
				CLANG_ANALYZER_NUMBER_OBJECT_CONVERSION = YES_AGGRESSIVE;
				CLANG_CXX_LANGUAGE_STANDARD = "gnu++17";
				CLANG_ENABLE_MODULES = YES;
				CLANG_ENABLE_OBJC_ARC = YES;
				CLANG_ENABLE_OBJC_WEAK = YES;
				CLANG_WARN_BLOCK_CAPTURE_AUTORELEASING = YES;
				CLANG_WARN_BOOL_CONVERSION = YES;
				CLANG_WARN_COMMA = YES;
				CLANG_WARN_CONSTANT_CONVERSION = YES;
				CLANG_WARN_DEPRECATED_OBJC_IMPLEMENTATIONS = YES;
				CLANG_WARN_DIRECT_OBJC_ISA_USAGE = YES_ERROR;
				CLANG_WARN_DOCUMENTATION_COMMENTS = YES;
				CLANG_WARN_EMPTY_BODY = YES;
				CLANG_WARN_ENUM_CONVERSION = YES;
				CLANG_WARN_INFINITE_RECURSION = YES;
				CLANG_WARN_INT_CONVERSION = YES;
				CLANG_WARN_NON_LITERAL_NULL_CONVERSION = YES;
				CLANG_WARN_OBJC_IMPLICIT_RETAIN_SELF = YES;
				CLANG_WARN_OBJC_LITERAL_CONVERSION = YES;
				CLANG_WARN_OBJC_ROOT_CLASS = YES_ERROR;
				CLANG_WARN_QUOTED_INCLUDE_IN_FRAMEWORK_HEADER = YES;
				CLANG_WARN_RANGE_LOOP_ANALYSIS = YES;
				CLANG_WARN_STRICT_PROTOTYPES = YES;
				CLANG_WARN_SUSPICIOUS_MOVE = YES;
				CLANG_WARN_UNGUARDED_AVAILABILITY = YES_AGGRESSIVE;
				CLANG_WARN_UNREACHABLE_CODE = YES;
				CLANG_WARN__DUPLICATE_METHOD_MATCH = YES;
				COPY_PHASE_STRIP = NO;
				CURRENT_PROJECT_VERSION = 1;
				DEBUG_INFORMATION_FORMAT = dwarf;
				ENABLE_STRICT_OBJC_MSGSEND = YES;
				ENABLE_TESTABILITY = YES;
				GCC_C_LANGUAGE_STANDARD = gnu11;
				GCC_DYNAMIC_NO_PIC = NO;
				GCC_NO_COMMON_BLOCKS = YES;
				GCC_OPTIMIZATION_LEVEL = 0;
				GCC_PREPROCESSOR_DEFINITIONS = (
					"DEBUG=1",
					"$(inherited)",
				);
				GCC_WARN_64_TO_32_BIT_CONVERSION = YES;
				GCC_WARN_ABOUT_RETURN_TYPE = YES_ERROR;
				GCC_WARN_UNDECLARED_SELECTOR = YES;
				GCC_WARN_UNINITIALIZED_AUTOS = YES_AGGRESSIVE;
				GCC_WARN_UNUSED_FUNCTION = YES;
				GCC_WARN_UNUSED_VARIABLE = YES;
				IPHONEOS_DEPLOYMENT_TARGET = 15.4;
				MTL_ENABLE_DEBUG_INFO = INCLUDE_SOURCE;
				MTL_FAST_MATH = YES;
				ONLY_ACTIVE_ARCH = YES;
				SDKROOT = iphoneos;
				VERSIONING_SYSTEM = "apple-generic";
				VERSION_INFO_PREFIX = "";
			};
			name = Debug;
		};
		65D7724C28ABA0CC00238704 /* Release */ = {
			isa = XCBuildConfiguration;
			buildSettings = {
				ALWAYS_SEARCH_USER_PATHS = NO;
				CLANG_ANALYZER_NONNULL = YES;
				CLANG_ANALYZER_NUMBER_OBJECT_CONVERSION = YES_AGGRESSIVE;
				CLANG_CXX_LANGUAGE_STANDARD = "gnu++17";
				CLANG_ENABLE_MODULES = YES;
				CLANG_ENABLE_OBJC_ARC = YES;
				CLANG_ENABLE_OBJC_WEAK = YES;
				CLANG_WARN_BLOCK_CAPTURE_AUTORELEASING = YES;
				CLANG_WARN_BOOL_CONVERSION = YES;
				CLANG_WARN_COMMA = YES;
				CLANG_WARN_CONSTANT_CONVERSION = YES;
				CLANG_WARN_DEPRECATED_OBJC_IMPLEMENTATIONS = YES;
				CLANG_WARN_DIRECT_OBJC_ISA_USAGE = YES_ERROR;
				CLANG_WARN_DOCUMENTATION_COMMENTS = YES;
				CLANG_WARN_EMPTY_BODY = YES;
				CLANG_WARN_ENUM_CONVERSION = YES;
				CLANG_WARN_INFINITE_RECURSION = YES;
				CLANG_WARN_INT_CONVERSION = YES;
				CLANG_WARN_NON_LITERAL_NULL_CONVERSION = YES;
				CLANG_WARN_OBJC_IMPLICIT_RETAIN_SELF = YES;
				CLANG_WARN_OBJC_LITERAL_CONVERSION = YES;
				CLANG_WARN_OBJC_ROOT_CLASS = YES_ERROR;
				CLANG_WARN_QUOTED_INCLUDE_IN_FRAMEWORK_HEADER = YES;
				CLANG_WARN_RANGE_LOOP_ANALYSIS = YES;
				CLANG_WARN_STRICT_PROTOTYPES = YES;
				CLANG_WARN_SUSPICIOUS_MOVE = YES;
				CLANG_WARN_UNGUARDED_AVAILABILITY = YES_AGGRESSIVE;
				CLANG_WARN_UNREACHABLE_CODE = YES;
				CLANG_WARN__DUPLICATE_METHOD_MATCH = YES;
				COPY_PHASE_STRIP = NO;
				CURRENT_PROJECT_VERSION = 1;
				DEBUG_INFORMATION_FORMAT = "dwarf-with-dsym";
				ENABLE_NS_ASSERTIONS = NO;
				ENABLE_STRICT_OBJC_MSGSEND = YES;
				GCC_C_LANGUAGE_STANDARD = gnu11;
				GCC_NO_COMMON_BLOCKS = YES;
				GCC_WARN_64_TO_32_BIT_CONVERSION = YES;
				GCC_WARN_ABOUT_RETURN_TYPE = YES_ERROR;
				GCC_WARN_UNDECLARED_SELECTOR = YES;
				GCC_WARN_UNINITIALIZED_AUTOS = YES_AGGRESSIVE;
				GCC_WARN_UNUSED_FUNCTION = YES;
				GCC_WARN_UNUSED_VARIABLE = YES;
				IPHONEOS_DEPLOYMENT_TARGET = 15.4;
				MTL_ENABLE_DEBUG_INFO = NO;
				MTL_FAST_MATH = YES;
				SDKROOT = iphoneos;
				VALIDATE_PRODUCT = YES;
				VERSIONING_SYSTEM = "apple-generic";
				VERSION_INFO_PREFIX = "";
			};
			name = Release;
		};
		65D7724E28ABA0CC00238704 /* Debug */ = {
			isa = XCBuildConfiguration;
			buildSettings = {
				CODE_SIGN_STYLE = Automatic;
				CURRENT_PROJECT_VERSION = 1;
				DEFINES_MODULE = YES;
				DEVELOPMENT_TEAM = LHU797HS6H;
				DYLIB_COMPATIBILITY_VERSION = 1;
				DYLIB_CURRENT_VERSION = 1;
				DYLIB_INSTALL_NAME_BASE = "@rpath";
				GENERATE_INFOPLIST_FILE = YES;
				INFOPLIST_KEY_NSHumanReadableCopyright = "";
				INSTALL_PATH = "$(LOCAL_LIBRARY_DIR)/Frameworks";
				IPHONEOS_DEPLOYMENT_TARGET = 12.0;
				LD_RUNPATH_SEARCH_PATHS = (
					"$(inherited)",
					"@executable_path/Frameworks",
					"@loader_path/Frameworks",
				);
				MARKETING_VERSION = 1.0;
				PRODUCT_BUNDLE_IDENTIFIER = com.se.PodspecFramework;
				PRODUCT_NAME = "$(TARGET_NAME:c99extidentifier)";
				SKIP_INSTALL = YES;
				SWIFT_EMIT_LOC_STRINGS = YES;
				TARGETED_DEVICE_FAMILY = "1,2";
			};
			name = Debug;
		};
		65D7724F28ABA0CC00238704 /* Release */ = {
			isa = XCBuildConfiguration;
			buildSettings = {
				CODE_SIGN_STYLE = Automatic;
				CURRENT_PROJECT_VERSION = 1;
				DEFINES_MODULE = YES;
				DEVELOPMENT_TEAM = LHU797HS6H;
				DYLIB_COMPATIBILITY_VERSION = 1;
				DYLIB_CURRENT_VERSION = 1;
				DYLIB_INSTALL_NAME_BASE = "@rpath";
				GENERATE_INFOPLIST_FILE = YES;
				INFOPLIST_KEY_NSHumanReadableCopyright = "";
				INSTALL_PATH = "$(LOCAL_LIBRARY_DIR)/Frameworks";
				IPHONEOS_DEPLOYMENT_TARGET = 12.0;
				LD_RUNPATH_SEARCH_PATHS = (
					"$(inherited)",
					"@executable_path/Frameworks",
					"@loader_path/Frameworks",
				);
				MARKETING_VERSION = 1.0;
				PRODUCT_BUNDLE_IDENTIFIER = com.se.PodspecFramework;
				PRODUCT_NAME = "$(TARGET_NAME:c99extidentifier)";
				SKIP_INSTALL = YES;
				SWIFT_EMIT_LOC_STRINGS = YES;
				TARGETED_DEVICE_FAMILY = "1,2";
			};
			name = Release;
		};
		65D7725128ABA0CC00238704 /* Debug */ = {
			isa = XCBuildConfiguration;
			buildSettings = {
				CODE_SIGN_STYLE = Automatic;
				CURRENT_PROJECT_VERSION = 1;
				DEVELOPMENT_TEAM = LHU797HS6H;
				GENERATE_INFOPLIST_FILE = YES;
				MARKETING_VERSION = 1.0;
				PRODUCT_BUNDLE_IDENTIFIER = com.se.PodspecFrameworkTests;
				PRODUCT_NAME = "$(TARGET_NAME)";
				SWIFT_EMIT_LOC_STRINGS = NO;
				TARGETED_DEVICE_FAMILY = "1,2";
			};
			name = Debug;
		};
		65D7725228ABA0CC00238704 /* Release */ = {
			isa = XCBuildConfiguration;
			buildSettings = {
				CODE_SIGN_STYLE = Automatic;
				CURRENT_PROJECT_VERSION = 1;
				DEVELOPMENT_TEAM = LHU797HS6H;
				GENERATE_INFOPLIST_FILE = YES;
				MARKETING_VERSION = 1.0;
				PRODUCT_BUNDLE_IDENTIFIER = com.se.PodspecFrameworkTests;
				PRODUCT_NAME = "$(TARGET_NAME)";
				SWIFT_EMIT_LOC_STRINGS = NO;
				TARGETED_DEVICE_FAMILY = "1,2";
			};
			name = Release;
		};
/* End XCBuildConfiguration section */

/* Begin XCConfigurationList section */
		65D7723328ABA0CB00238704 /* Build configuration list for PBXProject "PodspecFramework" */ = {
			isa = XCConfigurationList;
			buildConfigurations = (
				65D7724B28ABA0CC00238704 /* Debug */,
				65D7724C28ABA0CC00238704 /* Release */,
			);
			defaultConfigurationIsVisible = 0;
			defaultConfigurationName = Release;
		};
		65D7724D28ABA0CC00238704 /* Build configuration list for PBXNativeTarget "PodspecFramework" */ = {
			isa = XCConfigurationList;
			buildConfigurations = (
				65D7724E28ABA0CC00238704 /* Debug */,
				65D7724F28ABA0CC00238704 /* Release */,
			);
			defaultConfigurationIsVisible = 0;
			defaultConfigurationName = Release;
		};
		65D7725028ABA0CC00238704 /* Build configuration list for PBXNativeTarget "PodspecFrameworkTests" */ = {
			isa = XCConfigurationList;
			buildConfigurations = (
				65D7725128ABA0CC00238704 /* Debug */,
				65D7725228ABA0CC00238704 /* Release */,
			);
			defaultConfigurationIsVisible = 0;
			defaultConfigurationName = Release;
		};
/* End XCConfigurationList section */
	};
	rootObject = 65D7723028ABA0CB00238704 /* Project object */;
}
